
Microsoft Visual Studio Solution File, Format Version 12.00
# Visual Studio 15
VisualStudioVersion = 15.0.27428.1
MinimumVisualStudioVersion = 10.0.40219.1
Project("{F2A71F9B-5D33-465A-A702-920D77279786}") = "EBrown.SqlDsl", "EBrown.SqlDsl\EBrown.SqlDsl.fsproj", "{AE126478-5E2E-4A7F-95DA-7583CB83AA24}"
EndProject
Global
	GlobalSection(SolutionConfigurationPlatforms) = preSolution
		Debug|Any CPU = Debug|Any CPU
		Release|Any CPU = Release|Any CPU
	EndGlobalSection
	GlobalSection(ProjectConfigurationPlatforms) = postSolution
		{AE126478-5E2E-4A7F-95DA-7583CB83AA24}.Debug|Any CPU.ActiveCfg = Debug|Any CPU
		{AE126478-5E2E-4A7F-95DA-7583CB83AA24}.Debug|Any CPU.Build.0 = Debug|Any CPU
		{AE126478-5E2E-4A7F-95DA-7583CB83AA24}.Release|Any CPU.ActiveCfg = Release|Any CPU
		{AE126478-5E2E-4A7F-95DA-7583CB83AA24}.Release|Any CPU.Build.0 = Release|Any CPU
	EndGlobalSection
	GlobalSection(SolutionProperties) = preSolution
		HideSolutionNode = FALSE
	EndGlobalSection
	GlobalSection(ExtensibilityGlobals) = postSolution
		SolutionGuid = {A2643F93-2938-4128-8BAE-88885EB5AFDF}
	EndGlobalSection
EndGlobal
